PODS:
  - HorizontalFloatingHeaderLayout (1.0.0)

DEPENDENCIES:
  - HorizontalFloatingHeaderLayout (from `../`)

EXTERNAL SOURCES:
  HorizontalFloatingHeaderLayout:
    :path: ../

SPEC CHECKSUMS:
  HorizontalFloatingHeaderLayout: b94c61cfb2ea7803db130603303e8bfcabd50091

PODFILE CHECKSUM: 647489050922417f0e7df7b3f73d2e359f16b604

COCOAPODS: 1.3.1
